{
    "_readme": [
        "This file locks the dependencies of your project to a known state",
        "Read more about it at http://getcomposer.org/doc/01-basic-usage.md#composer-lock-the-lock-file"
    ],
    "hash": "a3c49bfe5c1146a314757b702f4a5090",
    "packages": [
        {
            "name": "composer/installers",
            "version": "v1.0.13",
            "source": {
                "type": "git",
                "url": "https://github.com/composer/installers.git",
                "reference": "26d37e307f9aa6e2e81806a6525666f8ab5ba0ff"
            },
            "dist": {
                "type": "zip",
                "url": "https://api.github.com/repos/composer/installers/zipball/26d37e307f9aa6e2e81806a6525666f8ab5ba0ff",
                "reference": "26d37e307f9aa6e2e81806a6525666f8ab5ba0ff",
                "shasum": ""
            },
            "replace": {
                "shama/baton": "*"
            },
            "require-dev": {
                "composer/composer": "1.0.*@dev",
                "phpunit/phpunit": "3.7.*"
            },
            "type": "composer-installer",
            "extra": {
                "class": "Composer\\Installers\\Installer",
                "branch-alias": {
                    "dev-master": "1.0-dev"
                }
            },
            "autoload": {
                "psr-0": {
                    "Composer\\Installers\\": "src/"
                }
            },
            "notification-url": "https://packagist.org/downloads/",
            "license": [
                "MIT"
            ],
            "authors": [
                {
                    "name": "Kyle Robinson Young",
                    "email": "kyle@dontkry.com",
                    "homepage": "http://dontkry.com",
                    "role": "Developer"
                }
            ],
            "description": "A multi-framework Composer library installer",
            "homepage": "http://composer.github.com/installers/",
            "keywords": [
                "Craft",
                "Hurad",
                "MODX Evo",
                "OXID",
                "WolfCMS",
                "agl",
                "annotatecms",
                "cakephp",
                "codeigniter",
                "concrete5",
                "croogo",
                "drupal",
                "elgg",
                "fuelphp",
                "installer",
                "joomla",
                "kohana",
                "laravel",
                "lithium",
                "magento",
                "mako",
                "mediawiki",
                "modulework",
                "phpbb",
                "piwik",
                "ppi",
                "shopware",
                "silverstripe",
                "symfony",
                "typo3",
                "wordpress",
                "zend",
                "zikula"
            ],
            "time": "2014-04-09 16:12:43"
        },
        {
            "name": "markstory/acl_extras",
            "version": "dev-master",
            "source": {
                "type": "git",
                "url": "https://github.com/markstory/acl_extras.git",
                "reference": "f136d970e347c8dda77e2fc278727beafec7aaf9"
            },
            "dist": {
                "type": "zip",
                "url": "https://api.github.com/repos/markstory/acl_extras/zipball/f136d970e347c8dda77e2fc278727beafec7aaf9",
                "reference": "f136d970e347c8dda77e2fc278727beafec7aaf9",
                "shasum": ""
            },
            "require": {
                "composer/installers": "*",
                "php": ">=5.2.17"
            },
            "type": "cakephp-plugin",
            "notification-url": "https://packagist.org/downloads/",
            "license": [
                "MIT"
            ],
            "authors": [
                {
                    "name": "Mark Story",
                    "homepage": "http://mark-story.com",
                    "role": "Author"
                }
            ],
            "description": "Additional tools for managing DB ACL in CakePHP applications.",
            "homepage": "https://github.com/markstory/acl_extras",
            "keywords": [
                "acl",
                "cakephp"
            ],
            "time": "2013-10-26 00:34:46"
        },
        {
            "name": "simkimsia/permissions-extras",
            "version": "dev-master",
            "source": {
                "type": "git",
                "url": "https://github.com/simkimsia/permissions-extras.git",
                "reference": "84b1429eb1a2310a3a11e875800cff753759d2c5"
            },
            "dist": {
                "type": "zip",
                "url": "https://api.github.com/repos/simkimsia/permissions-extras/zipball/84b1429eb1a2310a3a11e875800cff753759d2c5",
                "reference": "84b1429eb1a2310a3a11e875800cff753759d2c5",
                "shasum": ""
            },
            "require": {
                "composer/installers": "~1.0"
            },
            "type": "cakephp-plugin",
            "notification-url": "https://packagist.org/downloads/",
            "time": "2013-06-28 02:04:59"
        },
        {
            "name": "simkimsia/utility_behaviors",
            "version": "dev-master",
            "source": {
                "type": "git",
                "url": "https://github.com/simkimsia/UtilityBehaviors.git",
                "reference": "d44a0fe0bb56ef266b7c500d7dc041a2c16d62c0"
            },
            "dist": {
                "type": "zip",
                "url": "https://api.github.com/repos/simkimsia/UtilityBehaviors/zipball/d44a0fe0bb56ef266b7c500d7dc041a2c16d62c0",
                "reference": "d44a0fe0bb56ef266b7c500d7dc041a2c16d62c0",
                "shasum": ""
            },
            "require": {
                "composer/installers": "*"
            },
            "type": "cakephp-plugin",
            "extra": {
                "installer-name": "UtilityBehaviors"
            },
            "notification-url": "https://packagist.org/downloads/",
            "license": [
                "MIT"
            ],
            "authors": [
                {
                    "name": "Kim Stacks",
                    "role": "Maintainer"
                }
            ],
            "description": "Useful behaviors for CakePHP 2.x",
            "homepage": "http://github.com/simkimsia/UtilityBehaviors",
            "keywords": [
                "cakephp"
            ],
            "time": "2014-02-23 06:56:15"
        },
        {
            "name": "simkimsia/utility_lib",
            "version": "dev-master",
            "source": {
                "type": "git",
                "url": "https://github.com/simkimsia/UtilityLib.git",
                "reference": "ddf3a3651ce40f501afdaad57eb23fe79039bdc4"
            },
            "dist": {
                "type": "zip",
                "url": "https://api.github.com/repos/simkimsia/UtilityLib/zipball/ddf3a3651ce40f501afdaad57eb23fe79039bdc4",
                "reference": "ddf3a3651ce40f501afdaad57eb23fe79039bdc4",
                "shasum": ""
            },
            "require": {
                "composer/installers": "~1.0"
            },
            "type": "cakephp-plugin",
            "notification-url": "https://packagist.org/downloads/",
            "time": "2014-03-26 07:36:22"
        }
    ],
    "packages-dev": [

    ],
    "aliases": [

    ],
    "minimum-stability": "stable",
    "stability-flags": {
        "markstory/acl_extras": 20,
        "simkimsia/permissions-extras": 20,
        "simkimsia/utility_lib": 20,
        "simkimsia/utility_behaviors": 20
    },
    "platform": [

    ],
    "platform-dev": [

    ]
}
